
Microsoft Visual Studio Solution File, Format Version 12.00
# Visual Studio Version 16
VisualStudioVersion = 16.0.29519.87
MinimumVisualStudioVersion = 10.0.40219.1
Project("{9A19103F-16F7-4668-BE54-9A1E7A4F7556}") = "FxCop-Test", "src\FxCop-Test\FxCop-Test.csproj", "{339EDAE7-7124-4F7D-BEA1-C4C19FEE403A}"
EndProject
Project("{FAE04EC0-301F-11D3-BF4B-00C04F79EFBC}") = "FxCop-Test-Dependency", "src\FxCop-Test-Dependency\FxCop-Test-Dependency.csproj", "{2F9570AD-BE91-40D6-8FA9-798E488A03A3}"
EndProject
Project("{2150E333-8FDC-42A3-9474-1A3956D46DE8}") = "Solution Items", "Solution Items", "{47EEEB31-4118-46DF-AAF4-43839C5921C8}"
	ProjectSection(SolutionItems) = preProject
		.editorconfig = .editorconfig
		.gitignore = .gitignore
		README.md = README.md
	EndProjectSection
EndProject
Global
	GlobalSection(SolutionConfigurationPlatforms) = preSolution
		Debug|Any CPU = Debug|Any CPU
		Release|Any CPU = Release|Any CPU
	EndGlobalSection
	GlobalSection(ProjectConfigurationPlatforms) = postSolution
		{339EDAE7-7124-4F7D-BEA1-C4C19FEE403A}.Debug|Any CPU.ActiveCfg = Debug|Any CPU
		{339EDAE7-7124-4F7D-BEA1-C4C19FEE403A}.Debug|Any CPU.Build.0 = Debug|Any CPU
		{339EDAE7-7124-4F7D-BEA1-C4C19FEE403A}.Release|Any CPU.ActiveCfg = Release|Any CPU
		{339EDAE7-7124-4F7D-BEA1-C4C19FEE403A}.Release|Any CPU.Build.0 = Release|Any CPU
		{2F9570AD-BE91-40D6-8FA9-798E488A03A3}.Debug|Any CPU.ActiveCfg = Debug|Any CPU
		{2F9570AD-BE91-40D6-8FA9-798E488A03A3}.Debug|Any CPU.Build.0 = Debug|Any CPU
		{2F9570AD-BE91-40D6-8FA9-798E488A03A3}.Release|Any CPU.ActiveCfg = Release|Any CPU
		{2F9570AD-BE91-40D6-8FA9-798E488A03A3}.Release|Any CPU.Build.0 = Release|Any CPU
	EndGlobalSection
	GlobalSection(SolutionProperties) = preSolution
		HideSolutionNode = FALSE
	EndGlobalSection
	GlobalSection(ExtensibilityGlobals) = postSolution
		SolutionGuid = {09F219CC-C510-4D90-B5B2-7DDFE43DB9A1}
	EndGlobalSection
EndGlobal
